
Microsoft Visual Studio Solution File, Format Version 12.00
# Visual Studio Version 16
VisualStudioVersion = 16.0.30907.101
MinimumVisualStudioVersion = 10.0.40219.1
Project("{9A19103F-16F7-4668-BE54-9A1E7A4F7556}") = "Busplan2 Backend", "Busplan2 Backend\Busplan2 Backend.csproj", "{0BF3B933-4A33-4692-B6AA-21B6239E67E3}"
EndProject
Project("{FAE04EC0-301F-11D3-BF4B-00C04F79EFBC}") = "BusPlan2_Logic", "BusPlan2_Logic\BusPlan2_Logic.csproj", "{34E32322-C2F4-4BFE-AB2E-78BFAF909D50}"
EndProject
Project("{FAE04EC0-301F-11D3-BF4B-00C04F79EFBC}") = "BusPlan2_DAL", "BusPlan2_DAL\BusPlan2_DAL.csproj", "{A2A687A3-6B1E-4DB6-9795-27DF074DA783}"
EndProject
Global
	GlobalSection(SolutionConfigurationPlatforms) = preSolution
		Debug|Any CPU = Debug|Any CPU
		Release|Any CPU = Release|Any CPU
	EndGlobalSection
	GlobalSection(ProjectConfigurationPlatforms) = postSolution
		{0BF3B933-4A33-4692-B6AA-21B6239E67E3}.Debug|Any CPU.ActiveCfg = Debug|Any CPU
		{0BF3B933-4A33-4692-B6AA-21B6239E67E3}.Debug|Any CPU.Build.0 = Debug|Any CPU
		{0BF3B933-4A33-4692-B6AA-21B6239E67E3}.Release|Any CPU.ActiveCfg = Release|Any CPU
		{0BF3B933-4A33-4692-B6AA-21B6239E67E3}.Release|Any CPU.Build.0 = Release|Any CPU
		{34E32322-C2F4-4BFE-AB2E-78BFAF909D50}.Debug|Any CPU.ActiveCfg = Debug|Any CPU
		{34E32322-C2F4-4BFE-AB2E-78BFAF909D50}.Debug|Any CPU.Build.0 = Debug|Any CPU
		{34E32322-C2F4-4BFE-AB2E-78BFAF909D50}.Release|Any CPU.ActiveCfg = Release|Any CPU
		{34E32322-C2F4-4BFE-AB2E-78BFAF909D50}.Release|Any CPU.Build.0 = Release|Any CPU
		{A2A687A3-6B1E-4DB6-9795-27DF074DA783}.Debug|Any CPU.ActiveCfg = Debug|Any CPU
		{A2A687A3-6B1E-4DB6-9795-27DF074DA783}.Debug|Any CPU.Build.0 = Debug|Any CPU
		{A2A687A3-6B1E-4DB6-9795-27DF074DA783}.Release|Any CPU.ActiveCfg = Release|Any CPU
		{A2A687A3-6B1E-4DB6-9795-27DF074DA783}.Release|Any CPU.Build.0 = Release|Any CPU
	EndGlobalSection
	GlobalSection(SolutionProperties) = preSolution
		HideSolutionNode = FALSE
	EndGlobalSection
	GlobalSection(ExtensibilityGlobals) = postSolution
		SolutionGuid = {B23D09DE-83E4-49E8-82DB-61631F3BB218}
	EndGlobalSection
EndGlobal
