
Microsoft Visual Studio Solution File, Format Version 12.00
# Visual Studio Version 16
VisualStudioVersion = 16.0.809.7
MinimumVisualStudioVersion = 10.0.40219.1
Project("{FAE04EC0-301F-11D3-BF4B-00C04F79EFBC}") = "BusPlan2Xamarin.Android", "BusPlan2Xamarin.Android\BusPlan2Xamarin.Android.csproj", "{77B0619B-97D7-49F1-95EC-753FE4D01B48}"
EndProject
Project("{FAE04EC0-301F-11D3-BF4B-00C04F79EFBC}") = "BusPlan2Xamarin.iOS", "BusPlan2Xamarin.iOS\BusPlan2Xamarin.iOS.csproj", "{505A6F1A-EC9C-41FC-9EE9-25507C8EE27D}"
EndProject
Project("{FAE04EC0-301F-11D3-BF4B-00C04F79EFBC}") = "BusPlan2Xamarin", "BusPlan2Xamarin\BusPlan2Xamarin.csproj", "{A0DE4403-EBE8-444B-8AF8-D289E03441EB}"
EndProject
Project("{2150E333-8FDC-42A3-9474-1A3956D46DE8}") = "Solution Items", "Solution Items", "{8BB32082-BCE1-4F31-9BD3-507E8EB4EBAD}"
	ProjectSection(SolutionItems) = preProject
		BusNumberPage.xaml = BusNumberPage.xaml
	EndProjectSection
EndProject
Global
	GlobalSection(SolutionConfigurationPlatforms) = preSolution
		Debug|Any CPU = Debug|Any CPU
		Release|Any CPU = Release|Any CPU
		Debug|iPhoneSimulator = Debug|iPhoneSimulator
		Release|iPhoneSimulator = Release|iPhoneSimulator
		Debug|iPhone = Debug|iPhone
		Release|iPhone = Release|iPhone
	EndGlobalSection
	GlobalSection(ProjectConfigurationPlatforms) = postSolution
		{77B0619B-97D7-49F1-95EC-753FE4D01B48}.Debug|Any CPU.ActiveCfg = Debug|Any CPU
		{77B0619B-97D7-49F1-95EC-753FE4D01B48}.Debug|Any CPU.Build.0 = Debug|Any CPU
		{77B0619B-97D7-49F1-95EC-753FE4D01B48}.Release|Any CPU.ActiveCfg = Release|Any CPU
		{77B0619B-97D7-49F1-95EC-753FE4D01B48}.Release|Any CPU.Build.0 = Release|Any CPU
		{77B0619B-97D7-49F1-95EC-753FE4D01B48}.Debug|iPhoneSimulator.ActiveCfg = Debug|Any CPU
		{77B0619B-97D7-49F1-95EC-753FE4D01B48}.Debug|iPhoneSimulator.Build.0 = Debug|Any CPU
		{77B0619B-97D7-49F1-95EC-753FE4D01B48}.Release|iPhoneSimulator.ActiveCfg = Release|Any CPU
		{77B0619B-97D7-49F1-95EC-753FE4D01B48}.Release|iPhoneSimulator.Build.0 = Release|Any CPU
		{77B0619B-97D7-49F1-95EC-753FE4D01B48}.Debug|iPhone.ActiveCfg = Debug|Any CPU
		{77B0619B-97D7-49F1-95EC-753FE4D01B48}.Debug|iPhone.Build.0 = Debug|Any CPU
		{77B0619B-97D7-49F1-95EC-753FE4D01B48}.Release|iPhone.ActiveCfg = Release|Any CPU
		{77B0619B-97D7-49F1-95EC-753FE4D01B48}.Release|iPhone.Build.0 = Release|Any CPU
		{505A6F1A-EC9C-41FC-9EE9-25507C8EE27D}.Debug|Any CPU.ActiveCfg = Debug|iPhoneSimulator
		{505A6F1A-EC9C-41FC-9EE9-25507C8EE27D}.Debug|Any CPU.Build.0 = Debug|iPhoneSimulator
		{505A6F1A-EC9C-41FC-9EE9-25507C8EE27D}.Release|Any CPU.ActiveCfg = Release|iPhoneSimulator
		{505A6F1A-EC9C-41FC-9EE9-25507C8EE27D}.Release|Any CPU.Build.0 = Release|iPhoneSimulator
		{505A6F1A-EC9C-41FC-9EE9-25507C8EE27D}.Debug|iPhoneSimulator.ActiveCfg = Debug|iPhoneSimulator
		{505A6F1A-EC9C-41FC-9EE9-25507C8EE27D}.Debug|iPhoneSimulator.Build.0 = Debug|iPhoneSimulator
		{505A6F1A-EC9C-41FC-9EE9-25507C8EE27D}.Release|iPhoneSimulator.ActiveCfg = Release|iPhoneSimulator
		{505A6F1A-EC9C-41FC-9EE9-25507C8EE27D}.Release|iPhoneSimulator.Build.0 = Release|iPhoneSimulator
		{505A6F1A-EC9C-41FC-9EE9-25507C8EE27D}.Debug|iPhone.ActiveCfg = Debug|iPhone
		{505A6F1A-EC9C-41FC-9EE9-25507C8EE27D}.Debug|iPhone.Build.0 = Debug|iPhone
		{505A6F1A-EC9C-41FC-9EE9-25507C8EE27D}.Release|iPhone.ActiveCfg = Release|iPhone
		{505A6F1A-EC9C-41FC-9EE9-25507C8EE27D}.Release|iPhone.Build.0 = Release|iPhone
		{A0DE4403-EBE8-444B-8AF8-D289E03441EB}.Debug|Any CPU.ActiveCfg = Debug|Any CPU
		{A0DE4403-EBE8-444B-8AF8-D289E03441EB}.Debug|Any CPU.Build.0 = Debug|Any CPU
		{A0DE4403-EBE8-444B-8AF8-D289E03441EB}.Release|Any CPU.ActiveCfg = Release|Any CPU
		{A0DE4403-EBE8-444B-8AF8-D289E03441EB}.Release|Any CPU.Build.0 = Release|Any CPU
		{A0DE4403-EBE8-444B-8AF8-D289E03441EB}.Debug|iPhoneSimulator.ActiveCfg = Debug|Any CPU
		{A0DE4403-EBE8-444B-8AF8-D289E03441EB}.Debug|iPhoneSimulator.Build.0 = Debug|Any CPU
		{A0DE4403-EBE8-444B-8AF8-D289E03441EB}.Release|iPhoneSimulator.ActiveCfg = Release|Any CPU
		{A0DE4403-EBE8-444B-8AF8-D289E03441EB}.Release|iPhoneSimulator.Build.0 = Release|Any CPU
		{A0DE4403-EBE8-444B-8AF8-D289E03441EB}.Debug|iPhone.ActiveCfg = Debug|Any CPU
		{A0DE4403-EBE8-444B-8AF8-D289E03441EB}.Debug|iPhone.Build.0 = Debug|Any CPU
		{A0DE4403-EBE8-444B-8AF8-D289E03441EB}.Release|iPhone.ActiveCfg = Release|Any CPU
		{A0DE4403-EBE8-444B-8AF8-D289E03441EB}.Release|iPhone.Build.0 = Release|Any CPU
	EndGlobalSection
	GlobalSection(SolutionProperties) = preSolution
		HideSolutionNode = FALSE
	EndGlobalSection
	GlobalSection(ExtensibilityGlobals) = postSolution
		SolutionGuid = {0312B221-C357-4DFB-A178-7C776981E03A}
	EndGlobalSection
EndGlobal
